
Microsoft Visual Studio Solution File, Format Version 12.00
# Visual Studio Version 17
VisualStudioVersion = 17.13.35931.197 d17.13
MinimumVisualStudioVersion = 10.0.40219.1
Project("{FAE04EC0-301F-11D3-BF4B-00C04F79EFBC}") = "Ejercicio 12 - Conductores", "Ejercicio 12 - Conductores.csproj", "{250D6356-6AD4-4BEF-9F7A-CF1AE7B6D618}"
EndProject
Global
	GlobalSection(SolutionConfigurationPlatforms) = preSolution
		Debug|Any CPU = Debug|Any CPU
		Release|Any CPU = Release|Any CPU
	EndGlobalSection
	GlobalSection(ProjectConfigurationPlatforms) = postSolution
		{250D6356-6AD4-4BEF-9F7A-CF1AE7B6D618}.Debug|Any CPU.ActiveCfg = Debug|Any CPU
		{250D6356-6AD4-4BEF-9F7A-CF1AE7B6D618}.Debug|Any CPU.Build.0 = Debug|Any CPU
		{250D6356-6AD4-4BEF-9F7A-CF1AE7B6D618}.Release|Any CPU.ActiveCfg = Release|Any CPU
		{250D6356-6AD4-4BEF-9F7A-CF1AE7B6D618}.Release|Any CPU.Build.0 = Release|Any CPU
	EndGlobalSection
	GlobalSection(SolutionProperties) = preSolution
		HideSolutionNode = FALSE
	EndGlobalSection
	GlobalSection(ExtensibilityGlobals) = postSolution
		SolutionGuid = {79901191-3E26-4947-B6D0-93ADC1F63AA8}
	EndGlobalSection
EndGlobal
