
Microsoft Visual Studio Solution File, Format Version 12.00
# Visual Studio Version 17
VisualStudioVersion = 17.13.35931.197 d17.13
MinimumVisualStudioVersion = 10.0.40219.1
Project("{FAE04EC0-301F-11D3-BF4B-00C04F79EFBC}") = "Ejercicio 8 - Vehiculo", "Ejercicio 8 - Vehiculo.csproj", "{5C0114D2-3D8F-4C2D-9CCF-0D0ECB4C72BE}"
EndProject
Global
	GlobalSection(SolutionConfigurationPlatforms) = preSolution
		Debug|Any CPU = Debug|Any CPU
		Release|Any CPU = Release|Any CPU
	EndGlobalSection
	GlobalSection(ProjectConfigurationPlatforms) = postSolution
		{5C0114D2-3D8F-4C2D-9CCF-0D0ECB4C72BE}.Debug|Any CPU.ActiveCfg = Debug|Any CPU
		{5C0114D2-3D8F-4C2D-9CCF-0D0ECB4C72BE}.Debug|Any CPU.Build.0 = Debug|Any CPU
		{5C0114D2-3D8F-4C2D-9CCF-0D0ECB4C72BE}.Release|Any CPU.ActiveCfg = Release|Any CPU
		{5C0114D2-3D8F-4C2D-9CCF-0D0ECB4C72BE}.Release|Any CPU.Build.0 = Release|Any CPU
	EndGlobalSection
	GlobalSection(SolutionProperties) = preSolution
		HideSolutionNode = FALSE
	EndGlobalSection
	GlobalSection(ExtensibilityGlobals) = postSolution
		SolutionGuid = {96C2C43B-D71E-481A-B4F8-16A553988124}
	EndGlobalSection
EndGlobal
