
Microsoft Visual Studio Solution File, Format Version 12.00
# Visual Studio Version 17
VisualStudioVersion = 17.13.35931.197 d17.13
MinimumVisualStudioVersion = 10.0.40219.1
Project("{FAE04EC0-301F-11D3-BF4B-00C04F79EFBC}") = "Ejercicio 4 - Letra", "Ejercicio 4 - Letra.csproj", "{C71772E0-F2A3-4E57-9278-16D129A4176A}"
EndProject
Global
	GlobalSection(SolutionConfigurationPlatforms) = preSolution
		Debug|Any CPU = Debug|Any CPU
		Release|Any CPU = Release|Any CPU
	EndGlobalSection
	GlobalSection(ProjectConfigurationPlatforms) = postSolution
		{C71772E0-F2A3-4E57-9278-16D129A4176A}.Debug|Any CPU.ActiveCfg = Debug|Any CPU
		{C71772E0-F2A3-4E57-9278-16D129A4176A}.Debug|Any CPU.Build.0 = Debug|Any CPU
		{C71772E0-F2A3-4E57-9278-16D129A4176A}.Release|Any CPU.ActiveCfg = Release|Any CPU
		{C71772E0-F2A3-4E57-9278-16D129A4176A}.Release|Any CPU.Build.0 = Release|Any CPU
	EndGlobalSection
	GlobalSection(SolutionProperties) = preSolution
		HideSolutionNode = FALSE
	EndGlobalSection
	GlobalSection(ExtensibilityGlobals) = postSolution
		SolutionGuid = {40DFE74E-D64C-4218-8D91-A12BC4F200EE}
	EndGlobalSection
EndGlobal
