
Microsoft Visual Studio Solution File, Format Version 12.00
# Visual Studio Version 17
VisualStudioVersion = 17.13.35931.197 d17.13
MinimumVisualStudioVersion = 10.0.40219.1
Project("{FAE04EC0-301F-11D3-BF4B-00C04F79EFBC}") = "Ejercicio 9 - Efectivo o digital", "Ejercicio 9 - Efectivo o digital.csproj", "{B3090D63-60C2-4A8A-BA30-38BF1F2A1C8A}"
EndProject
Global
	GlobalSection(SolutionConfigurationPlatforms) = preSolution
		Debug|Any CPU = Debug|Any CPU
		Release|Any CPU = Release|Any CPU
	EndGlobalSection
	GlobalSection(ProjectConfigurationPlatforms) = postSolution
		{B3090D63-60C2-4A8A-BA30-38BF1F2A1C8A}.Debug|Any CPU.ActiveCfg = Debug|Any CPU
		{B3090D63-60C2-4A8A-BA30-38BF1F2A1C8A}.Debug|Any CPU.Build.0 = Debug|Any CPU
		{B3090D63-60C2-4A8A-BA30-38BF1F2A1C8A}.Release|Any CPU.ActiveCfg = Release|Any CPU
		{B3090D63-60C2-4A8A-BA30-38BF1F2A1C8A}.Release|Any CPU.Build.0 = Release|Any CPU
	EndGlobalSection
	GlobalSection(SolutionProperties) = preSolution
		HideSolutionNode = FALSE
	EndGlobalSection
	GlobalSection(ExtensibilityGlobals) = postSolution
		SolutionGuid = {C31C2350-EB2B-427C-9F3F-17810361FD7F}
	EndGlobalSection
EndGlobal
