
Microsoft Visual Studio Solution File, Format Version 12.00
# Visual Studio Version 17
VisualStudioVersion = 17.13.35931.197 d17.13
MinimumVisualStudioVersion = 10.0.40219.1
Project("{FAE04EC0-301F-11D3-BF4B-00C04F79EFBC}") = "Ejercicio 2 - Tipo Pago", "Ejercicio 2 - Tipo Pago.csproj", "{CDD8D03B-DF0C-4EE4-B318-2760E630EBF8}"
EndProject
Global
	GlobalSection(SolutionConfigurationPlatforms) = preSolution
		Debug|Any CPU = Debug|Any CPU
		Release|Any CPU = Release|Any CPU
	EndGlobalSection
	GlobalSection(ProjectConfigurationPlatforms) = postSolution
		{CDD8D03B-DF0C-4EE4-B318-2760E630EBF8}.Debug|Any CPU.ActiveCfg = Debug|Any CPU
		{CDD8D03B-DF0C-4EE4-B318-2760E630EBF8}.Debug|Any CPU.Build.0 = Debug|Any CPU
		{CDD8D03B-DF0C-4EE4-B318-2760E630EBF8}.Release|Any CPU.ActiveCfg = Release|Any CPU
		{CDD8D03B-DF0C-4EE4-B318-2760E630EBF8}.Release|Any CPU.Build.0 = Release|Any CPU
	EndGlobalSection
	GlobalSection(SolutionProperties) = preSolution
		HideSolutionNode = FALSE
	EndGlobalSection
	GlobalSection(ExtensibilityGlobals) = postSolution
		SolutionGuid = {56506AD2-BE43-4065-B352-4D326397D380}
	EndGlobalSection
EndGlobal
