
Microsoft Visual Studio Solution File, Format Version 12.00
# Visual Studio Version 17
VisualStudioVersion = 17.13.35931.197 d17.13
MinimumVisualStudioVersion = 10.0.40219.1
Project("{FAE04EC0-301F-11D3-BF4B-00C04F79EFBC}") = "Ejercicio 10 - ciclista", "Ejercicio 10 - ciclista.csproj", "{2125DCF5-5546-4C2C-A25D-99EB112D825F}"
EndProject
Global
	GlobalSection(SolutionConfigurationPlatforms) = preSolution
		Debug|Any CPU = Debug|Any CPU
		Release|Any CPU = Release|Any CPU
	EndGlobalSection
	GlobalSection(ProjectConfigurationPlatforms) = postSolution
		{2125DCF5-5546-4C2C-A25D-99EB112D825F}.Debug|Any CPU.ActiveCfg = Debug|Any CPU
		{2125DCF5-5546-4C2C-A25D-99EB112D825F}.Debug|Any CPU.Build.0 = Debug|Any CPU
		{2125DCF5-5546-4C2C-A25D-99EB112D825F}.Release|Any CPU.ActiveCfg = Release|Any CPU
		{2125DCF5-5546-4C2C-A25D-99EB112D825F}.Release|Any CPU.Build.0 = Release|Any CPU
	EndGlobalSection
	GlobalSection(SolutionProperties) = preSolution
		HideSolutionNode = FALSE
	EndGlobalSection
	GlobalSection(ExtensibilityGlobals) = postSolution
		SolutionGuid = {9B8C1F9A-BF54-4E3D-BAC0-54E3F2E96F4E}
	EndGlobalSection
EndGlobal
