
Microsoft Visual Studio Solution File, Format Version 12.00
# Visual Studio Version 17
VisualStudioVersion = 17.13.35931.197 d17.13
MinimumVisualStudioVersion = 10.0.40219.1
Project("{FAE04EC0-301F-11D3-BF4B-00C04F79EFBC}") = "Ejercicio 2 - Femenino y masculino", "Ejercicio 2 - Femenino y masculino.csproj", "{D7DA8033-D735-4AE8-97D4-9F8BD70D0F2E}"
EndProject
Global
	GlobalSection(SolutionConfigurationPlatforms) = preSolution
		Debug|Any CPU = Debug|Any CPU
		Release|Any CPU = Release|Any CPU
	EndGlobalSection
	GlobalSection(ProjectConfigurationPlatforms) = postSolution
		{D7DA8033-D735-4AE8-97D4-9F8BD70D0F2E}.Debug|Any CPU.ActiveCfg = Debug|Any CPU
		{D7DA8033-D735-4AE8-97D4-9F8BD70D0F2E}.Debug|Any CPU.Build.0 = Debug|Any CPU
		{D7DA8033-D735-4AE8-97D4-9F8BD70D0F2E}.Release|Any CPU.ActiveCfg = Release|Any CPU
		{D7DA8033-D735-4AE8-97D4-9F8BD70D0F2E}.Release|Any CPU.Build.0 = Release|Any CPU
	EndGlobalSection
	GlobalSection(SolutionProperties) = preSolution
		HideSolutionNode = FALSE
	EndGlobalSection
	GlobalSection(ExtensibilityGlobals) = postSolution
		SolutionGuid = {2F996CA3-3089-4CCC-843C-13B628087432}
	EndGlobalSection
EndGlobal
