
Microsoft Visual Studio Solution File, Format Version 12.00
# Visual Studio Version 17
VisualStudioVersion = 17.13.35931.197 d17.13
MinimumVisualStudioVersion = 10.0.40219.1
Project("{FAE04EC0-301F-11D3-BF4B-00C04F79EFBC}") = "Ejercicio 13 - Promedio de notas", "Ejercicio 13 - Promedio de notas.csproj", "{44BA9511-23E8-4D5A-95DF-2FCF64C003D0}"
EndProject
Global
	GlobalSection(SolutionConfigurationPlatforms) = preSolution
		Debug|Any CPU = Debug|Any CPU
		Release|Any CPU = Release|Any CPU
	EndGlobalSection
	GlobalSection(ProjectConfigurationPlatforms) = postSolution
		{44BA9511-23E8-4D5A-95DF-2FCF64C003D0}.Debug|Any CPU.ActiveCfg = Debug|Any CPU
		{44BA9511-23E8-4D5A-95DF-2FCF64C003D0}.Debug|Any CPU.Build.0 = Debug|Any CPU
		{44BA9511-23E8-4D5A-95DF-2FCF64C003D0}.Release|Any CPU.ActiveCfg = Release|Any CPU
		{44BA9511-23E8-4D5A-95DF-2FCF64C003D0}.Release|Any CPU.Build.0 = Release|Any CPU
	EndGlobalSection
	GlobalSection(SolutionProperties) = preSolution
		HideSolutionNode = FALSE
	EndGlobalSection
	GlobalSection(ExtensibilityGlobals) = postSolution
		SolutionGuid = {78642002-24F5-424B-B984-7652130FA11D}
	EndGlobalSection
EndGlobal
