
Microsoft Visual Studio Solution File, Format Version 12.00
# Visual Studio Version 17
VisualStudioVersion = 17.13.35931.197 d17.13
MinimumVisualStudioVersion = 10.0.40219.1
Project("{FAE04EC0-301F-11D3-BF4B-00C04F79EFBC}") = "Ejercicio 3 - AFP ONP", "Ejercicio 3 - AFP ONP.csproj", "{C0DDF785-9656-44BD-BF5D-EF17A7F42FDB}"
EndProject
Global
	GlobalSection(SolutionConfigurationPlatforms) = preSolution
		Debug|Any CPU = Debug|Any CPU
		Release|Any CPU = Release|Any CPU
	EndGlobalSection
	GlobalSection(ProjectConfigurationPlatforms) = postSolution
		{C0DDF785-9656-44BD-BF5D-EF17A7F42FDB}.Debug|Any CPU.ActiveCfg = Debug|Any CPU
		{C0DDF785-9656-44BD-BF5D-EF17A7F42FDB}.Debug|Any CPU.Build.0 = Debug|Any CPU
		{C0DDF785-9656-44BD-BF5D-EF17A7F42FDB}.Release|Any CPU.ActiveCfg = Release|Any CPU
		{C0DDF785-9656-44BD-BF5D-EF17A7F42FDB}.Release|Any CPU.Build.0 = Release|Any CPU
	EndGlobalSection
	GlobalSection(SolutionProperties) = preSolution
		HideSolutionNode = FALSE
	EndGlobalSection
	GlobalSection(ExtensibilityGlobals) = postSolution
		SolutionGuid = {1B9569A5-6422-4605-8603-FC32ECD12DF8}
	EndGlobalSection
EndGlobal
