
Microsoft Visual Studio Solution File, Format Version 12.00
# Visual Studio Version 17
VisualStudioVersion = 17.13.35931.197 d17.13
MinimumVisualStudioVersion = 10.0.40219.1
Project("{FAE04EC0-301F-11D3-BF4B-00C04F79EFBC}") = "Trabajador Descuento", "Trabajador Descuento.csproj", "{BB8032B8-8F0D-45EF-9319-ECDBE4911E32}"
EndProject
Global
	GlobalSection(SolutionConfigurationPlatforms) = preSolution
		Debug|Any CPU = Debug|Any CPU
		Release|Any CPU = Release|Any CPU
	EndGlobalSection
	GlobalSection(ProjectConfigurationPlatforms) = postSolution
		{BB8032B8-8F0D-45EF-9319-ECDBE4911E32}.Debug|Any CPU.ActiveCfg = Debug|Any CPU
		{BB8032B8-8F0D-45EF-9319-ECDBE4911E32}.Debug|Any CPU.Build.0 = Debug|Any CPU
		{BB8032B8-8F0D-45EF-9319-ECDBE4911E32}.Release|Any CPU.ActiveCfg = Release|Any CPU
		{BB8032B8-8F0D-45EF-9319-ECDBE4911E32}.Release|Any CPU.Build.0 = Release|Any CPU
	EndGlobalSection
	GlobalSection(SolutionProperties) = preSolution
		HideSolutionNode = FALSE
	EndGlobalSection
	GlobalSection(ExtensibilityGlobals) = postSolution
		SolutionGuid = {F802464B-E390-4A9E-A032-91554E59170E}
	EndGlobalSection
EndGlobal
