
Microsoft Visual Studio Solution File, Format Version 12.00
# Visual Studio Version 17
VisualStudioVersion = 17.13.35931.197 d17.13
MinimumVisualStudioVersion = 10.0.40219.1
Project("{FAE04EC0-301F-11D3-BF4B-00C04F79EFBC}") = "Ejercicio 7 - Tipo Llamada", "Ejercicio 7 - Tipo Llamada.csproj", "{C1D02D7E-E4F5-437C-B939-1B8B7F563E6B}"
EndProject
Global
	GlobalSection(SolutionConfigurationPlatforms) = preSolution
		Debug|Any CPU = Debug|Any CPU
		Release|Any CPU = Release|Any CPU
	EndGlobalSection
	GlobalSection(ProjectConfigurationPlatforms) = postSolution
		{C1D02D7E-E4F5-437C-B939-1B8B7F563E6B}.Debug|Any CPU.ActiveCfg = Debug|Any CPU
		{C1D02D7E-E4F5-437C-B939-1B8B7F563E6B}.Debug|Any CPU.Build.0 = Debug|Any CPU
		{C1D02D7E-E4F5-437C-B939-1B8B7F563E6B}.Release|Any CPU.ActiveCfg = Release|Any CPU
		{C1D02D7E-E4F5-437C-B939-1B8B7F563E6B}.Release|Any CPU.Build.0 = Release|Any CPU
	EndGlobalSection
	GlobalSection(SolutionProperties) = preSolution
		HideSolutionNode = FALSE
	EndGlobalSection
	GlobalSection(ExtensibilityGlobals) = postSolution
		SolutionGuid = {4D0DEEE9-2366-4900-A635-838EB9DD6675}
	EndGlobalSection
EndGlobal
