
Microsoft Visual Studio Solution File, Format Version 12.00
# Visual Studio Version 17
VisualStudioVersion = 17.13.35931.197 d17.13
MinimumVisualStudioVersion = 10.0.40219.1
Project("{FAE04EC0-301F-11D3-BF4B-00C04F79EFBC}") = "Ejercicio 3 - División", "Ejercicio 3 - División.csproj", "{0C0C4F16-2C74-4E0C-B1EB-4B14F7503837}"
EndProject
Global
	GlobalSection(SolutionConfigurationPlatforms) = preSolution
		Debug|Any CPU = Debug|Any CPU
		Release|Any CPU = Release|Any CPU
	EndGlobalSection
	GlobalSection(ProjectConfigurationPlatforms) = postSolution
		{0C0C4F16-2C74-4E0C-B1EB-4B14F7503837}.Debug|Any CPU.ActiveCfg = Debug|Any CPU
		{0C0C4F16-2C74-4E0C-B1EB-4B14F7503837}.Debug|Any CPU.Build.0 = Debug|Any CPU
		{0C0C4F16-2C74-4E0C-B1EB-4B14F7503837}.Release|Any CPU.ActiveCfg = Release|Any CPU
		{0C0C4F16-2C74-4E0C-B1EB-4B14F7503837}.Release|Any CPU.Build.0 = Release|Any CPU
	EndGlobalSection
	GlobalSection(SolutionProperties) = preSolution
		HideSolutionNode = FALSE
	EndGlobalSection
	GlobalSection(ExtensibilityGlobals) = postSolution
		SolutionGuid = {E8949D06-2121-466D-A4C7-D22F9EB17D39}
	EndGlobalSection
EndGlobal
