
Microsoft Visual Studio Solution File, Format Version 12.00
# Visual Studio Version 17
VisualStudioVersion = 17.13.35931.197 d17.13
MinimumVisualStudioVersion = 10.0.40219.1
Project("{FAE04EC0-301F-11D3-BF4B-00C04F79EFBC}") = "Ejercicio 12 - Conductores", "Ejercicio 12 - Conductores.csproj", "{BC3DA0F8-07B0-430C-AAFB-CCCB7833F3E0}"
EndProject
Global
	GlobalSection(SolutionConfigurationPlatforms) = preSolution
		Debug|Any CPU = Debug|Any CPU
		Release|Any CPU = Release|Any CPU
	EndGlobalSection
	GlobalSection(ProjectConfigurationPlatforms) = postSolution
		{BC3DA0F8-07B0-430C-AAFB-CCCB7833F3E0}.Debug|Any CPU.ActiveCfg = Debug|Any CPU
		{BC3DA0F8-07B0-430C-AAFB-CCCB7833F3E0}.Debug|Any CPU.Build.0 = Debug|Any CPU
		{BC3DA0F8-07B0-430C-AAFB-CCCB7833F3E0}.Release|Any CPU.ActiveCfg = Release|Any CPU
		{BC3DA0F8-07B0-430C-AAFB-CCCB7833F3E0}.Release|Any CPU.Build.0 = Release|Any CPU
	EndGlobalSection
	GlobalSection(SolutionProperties) = preSolution
		HideSolutionNode = FALSE
	EndGlobalSection
	GlobalSection(ExtensibilityGlobals) = postSolution
		SolutionGuid = {56698B56-6BEE-4E9B-B54D-59709D899077}
	EndGlobalSection
EndGlobal
