
Microsoft Visual Studio Solution File, Format Version 12.00
# Visual Studio Version 17
VisualStudioVersion = 17.13.35931.197 d17.13
MinimumVisualStudioVersion = 10.0.40219.1
Project("{FAE04EC0-301F-11D3-BF4B-00C04F79EFBC}") = "Ejercicio 4 - Descuento mensualidad", "Ejercicio 4 - Descuento mensualidad.csproj", "{7AD46DA8-BA38-450A-8D6F-6FC0C4843CD3}"
EndProject
Global
	GlobalSection(SolutionConfigurationPlatforms) = preSolution
		Debug|Any CPU = Debug|Any CPU
		Release|Any CPU = Release|Any CPU
	EndGlobalSection
	GlobalSection(ProjectConfigurationPlatforms) = postSolution
		{7AD46DA8-BA38-450A-8D6F-6FC0C4843CD3}.Debug|Any CPU.ActiveCfg = Debug|Any CPU
		{7AD46DA8-BA38-450A-8D6F-6FC0C4843CD3}.Debug|Any CPU.Build.0 = Debug|Any CPU
		{7AD46DA8-BA38-450A-8D6F-6FC0C4843CD3}.Release|Any CPU.ActiveCfg = Release|Any CPU
		{7AD46DA8-BA38-450A-8D6F-6FC0C4843CD3}.Release|Any CPU.Build.0 = Release|Any CPU
	EndGlobalSection
	GlobalSection(SolutionProperties) = preSolution
		HideSolutionNode = FALSE
	EndGlobalSection
	GlobalSection(ExtensibilityGlobals) = postSolution
		SolutionGuid = {D1BC43C6-ED5A-4A52-BF90-28B7F9FEEA19}
	EndGlobalSection
EndGlobal
